
Microsoft Visual Studio Solution File, Format Version 12.00
# Visual Studio Version 16
VisualStudioVersion = 16.0.30114.105
MinimumVisualStudioVersion = 10.0.40219.1
Project("{2150E333-8FDC-42A3-9474-1A3956D46DE8}") = "Server", "Server", "{73127C86-915F-4FB6-B95B-D9E880B57A8A}"
EndProject
Project("{FAE04EC0-301F-11D3-BF4B-00C04F79EFBC}") = "DataLayer", "Server\DataLayer\DataLayer.csproj", "{DE7D55E4-8838-466F-9119-42B861987687}"
EndProject
Project("{FAE04EC0-301F-11D3-BF4B-00C04F79EFBC}") = "WebApiLayer", "Server\WebApiLayer\WebApiLayer.csproj", "{381744E4-2EA6-4B87-B89E-201D1E14C4D2}"
EndProject
Global
	GlobalSection(SolutionConfigurationPlatforms) = preSolution
		Debug|Any CPU = Debug|Any CPU
		Release|Any CPU = Release|Any CPU
	EndGlobalSection
	GlobalSection(SolutionProperties) = preSolution
		HideSolutionNode = FALSE
	EndGlobalSection
	GlobalSection(ProjectConfigurationPlatforms) = postSolution
		{DE7D55E4-8838-466F-9119-42B861987687}.Debug|Any CPU.ActiveCfg = Debug|Any CPU
		{DE7D55E4-8838-466F-9119-42B861987687}.Debug|Any CPU.Build.0 = Debug|Any CPU
		{DE7D55E4-8838-466F-9119-42B861987687}.Release|Any CPU.ActiveCfg = Release|Any CPU
		{DE7D55E4-8838-466F-9119-42B861987687}.Release|Any CPU.Build.0 = Release|Any CPU
		{381744E4-2EA6-4B87-B89E-201D1E14C4D2}.Debug|Any CPU.ActiveCfg = Debug|Any CPU
		{381744E4-2EA6-4B87-B89E-201D1E14C4D2}.Debug|Any CPU.Build.0 = Debug|Any CPU
		{381744E4-2EA6-4B87-B89E-201D1E14C4D2}.Release|Any CPU.ActiveCfg = Release|Any CPU
		{381744E4-2EA6-4B87-B89E-201D1E14C4D2}.Release|Any CPU.Build.0 = Release|Any CPU
	EndGlobalSection
	GlobalSection(NestedProjects) = preSolution
		{DE7D55E4-8838-466F-9119-42B861987687} = {73127C86-915F-4FB6-B95B-D9E880B57A8A}
		{381744E4-2EA6-4B87-B89E-201D1E14C4D2} = {73127C86-915F-4FB6-B95B-D9E880B57A8A}
	EndGlobalSection
EndGlobal
